{
  "name": "ash-svelte-flowbite",
  "lockfileVersion": 3,
  "requires": true,
  "packages": {
    "": {
      "devDependencies": {
        "@skeletonlabs/skeleton": "^1.2.0"
      }
    },
    "node_modules/@skeletonlabs/skeleton": {
      "version": "1.2.0",
      "resolved": "https://registry.npmjs.org/@skeletonlabs/skeleton/-/skeleton-1.2.0.tgz",
      "integrity": "sha512-WM+vPS3kf2b9bnN4Gr8YpMjRj7Z6gNNgGLeRlmcS50lotpH5oGpbiGh8oxf/j2j0cJeHv2bIwtXkqISuypZs+Q==",
      "dev": true,
      "dependencies": {
        "svelte": "^3.58.0"
      }
    },
    "node_modules/svelte": {
      "version": "3.58.0",
      "resolved": "https://registry.npmjs.org/svelte/-/svelte-3.58.0.tgz",
      "integrity": "sha512-brIBNNB76mXFmU/Kerm4wFnkskBbluBDCjx/8TcpYRb298Yh2dztS2kQ6bhtjMcvUhd5ynClfwpz5h2gnzdQ1A==",
      "dev": true,
      "engines": {
        "node": ">= 8"
      }
    }
  }
}
